// !$*UTF8*$!
{
	archiveVersion = 1;
	classes = {
	};
	objectVersion = 55;
	objects = {

/* Begin PBXBuildFile section */
		8294A97E27A0F97E005CE724 /* AppDelegate.m in Sources */ = {isa = PBXBuildFile; fileRef = 8294A97D27A0F97E005CE724 /* AppDelegate.m */; };
		8294A98127A0F97E005CE724 /* SceneDelegate.m in Sources */ = {isa = PBXBuildFile; fileRef = 8294A98027A0F97E005CE724 /* SceneDelegate.m */; };
		8294A98427A0F97E005CE724 /* ViewController.m in Sources */ = {isa = PBXBuildFile; fileRef = 8294A98327A0F97E005CE724 /* ViewController.m */; };
		8294A98727A0F97E005CE724 /* Main.storyboard in Resources */ = {isa = PBXBuildFile; fileRef = 8294A98527A0F97E005CE724 /* Main.storyboard */; };
		8294A98927A0F980005CE724 /* Assets.xcassets in Resources */ = {isa = PBXBuildFile; fileRef = 8294A98827A0F980005CE724 /* Assets.xcassets */; };
		8294A98C27A0F980005CE724 /* LaunchScreen.storyboard in Resources */ = {isa = PBXBuildFile; fileRef = 8294A98A27A0F980005CE724 /* LaunchScreen.storyboard */; };
		8294A98F27A0F980005CE724 /* main.m in Sources */ = {isa = PBXBuildFile; fileRef = 8294A98E27A0F980005CE724 /* main.m */; };
		936043323D337567966FF1F3 /* Pods_iOSNativeApp.framework in Frameworks */ = {isa = PBXBuildFile; fileRef = D36BFC0217FC1E8E4D579DC1 /* Pods_iOSNativeApp.framework */; };
/* End PBXBuildFile section */

/* Begin PBXFileReference section */
		8294A97927A0F97E005CE724 /* iOSNativeApp.app */ = {isa = PBXFileReference; explicitFileType = wrapper.application; includeInIndex = 0; path = iOSNativeApp.app; sourceTree = BUILT_PRODUCTS_DIR; };
		8294A97C27A0F97E005CE724 /* AppDelegate.h */ = {isa = PBXFileReference; lastKnownFileType = sourcecode.c.h; path = AppDelegate.h; sourceTree = "<group>"; };
		8294A97D27A0F97E005CE724 /* AppDelegate.m */ = {isa = PBXFileReference; lastKnownFileType = sourcecode.c.objc; path = AppDelegate.m; sourceTree = "<group>"; };
		8294A97F27A0F97E005CE724 /* SceneDelegate.h */ = {isa = PBXFileReference; lastKnownFileType = sourcecode.c.h; path = SceneDelegate.h; sourceTree = "<group>"; };
		8294A98027A0F97E005CE724 /* SceneDelegate.m */ = {isa = PBXFileReference; lastKnownFileType = sourcecode.c.objc; path = SceneDelegate.m; sourceTree = "<group>"; };
		8294A98227A0F97E005CE724 /* ViewController.h */ = {isa = PBXFileReference; lastKnownFileType = sourcecode.c.h; path = ViewController.h; sourceTree = "<group>"; };
		8294A98327A0F97E005CE724 /* ViewController.m */ = {isa = PBXFileReference; lastKnownFileType = sourcecode.c.objc; path = ViewController.m; sourceTree = "<group>"; };
		8294A98627A0F97E005CE724 /* Base */ = {isa = PBXFileReference; lastKnownFileType = file.storyboard; name = Base; path = Base.lproj/Main.storyboard; sourceTree = "<group>"; };
		8294A98827A0F980005CE724 /* Assets.xcassets */ = {isa = PBXFileReference; lastKnownFileType = folder.assetcatalog; path = Assets.xcassets; sourceTree = "<group>"; };
		8294A98B27A0F980005CE724 /* Base */ = {isa = PBXFileReference; lastKnownFileType = file.storyboard; name = Base; path = Base.lproj/LaunchScreen.storyboard; sourceTree = "<group>"; };
		8294A98D27A0F980005CE724 /* Info.plist */ = {isa = PBXFileReference; lastKnownFileType = text.plist.xml; path = Info.plist; sourceTree = "<group>"; };
		8294A98E27A0F980005CE724 /* main.m */ = {isa = PBXFileReference; lastKnownFileType = sourcecode.c.objc; path = main.m; sourceTree = "<group>"; };
		8294A99527A13AD5005CE724 /* iOSNativeAppDebug.entitlements */ = {isa = PBXFileReference; lastKnownFileType = text.plist.entitlements; path = iOSNativeAppDebug.entitlements; sourceTree = "<group>"; };
		82E0821727A241D50045A20D /* iOSNativeAppRelease.entitlements */ = {isa = PBXFileReference; lastKnownFileType = text.plist.entitlements; path = iOSNativeAppRelease.entitlements; sourceTree = "<group>"; };
		D36BFC0217FC1E8E4D579DC1 /* Pods_iOSNativeApp.framework */ = {isa = PBXFileReference; explicitFileType = wrapper.framework; includeInIndex = 0; path = Pods_iOSNativeApp.framework; sourceTree = BUILT_PRODUCTS_DIR; };
/* End PBXFileReference section */

/* Begin PBXFrameworksBuildPhase section */
		8294A97627A0F97E005CE724 /* Frameworks */ = {
			isa = PBXFrameworksBuildPhase;
			buildActionMask = 2147483647;
			files = (
				936043323D337567966FF1F3 /* Pods_iOSNativeApp.framework in Frameworks */,
			);
			runOnlyForDeploymentPostprocessing = 0;
		};
/* End PBXFrameworksBuildPhase section */

/* Begin PBXGroup section */
		8294A97027A0F97E005CE724 = {
			isa = PBXGroup;
			children = (
				8294A97B27A0F97E005CE724 /* iOSNativeApp */,
				8294A97A27A0F97E005CE724 /* Products */,
				8A857D7CAFE8C2177F3297D9 /* Frameworks */,
			);
			sourceTree = "<group>";
		};
		8294A97A27A0F97E005CE724 /* Products */ = {
			isa = PBXGroup;
			children = (
				8294A97927A0F97E005CE724 /* iOSNativeApp.app */,
			);
			name = Products;
			sourceTree = "<group>";
		};
		8294A97B27A0F97E005CE724 /* iOSNativeApp */ = {
			isa = PBXGroup;
			children = (
				82E0821727A241D50045A20D /* iOSNativeAppRelease.entitlements */,
				8294A99527A13AD5005CE724 /* iOSNativeAppDebug.entitlements */,
				8294A97C27A0F97E005CE724 /* AppDelegate.h */,
				8294A97D27A0F97E005CE724 /* AppDelegate.m */,
				8294A97F27A0F97E005CE724 /* SceneDelegate.h */,
				8294A98027A0F97E005CE724 /* SceneDelegate.m */,
				8294A98227A0F97E005CE724 /* ViewController.h */,
				8294A98327A0F97E005CE724 /* ViewController.m */,
				8294A98527A0F97E005CE724 /* Main.storyboard */,
				8294A98827A0F980005CE724 /* Assets.xcassets */,
				8294A98A27A0F980005CE724 /* LaunchScreen.storyboard */,
				8294A98D27A0F980005CE724 /* Info.plist */,
				8294A98E27A0F980005CE724 /* main.m */,
			);
			path = iOSNativeApp;
			sourceTree = "<group>";
		};
		8A857D7CAFE8C2177F3297D9 /* Frameworks */ = {
			isa = PBXGroup;
			children = (
				D36BFC0217FC1E8E4D579DC1 /* Pods_iOSNativeApp.framework */,
			);
			name = Frameworks;
			sourceTree = "<group>";
		};
/* End PBXGroup section */

/* Begin PBXNativeTarget section */
		8294A97827A0F97E005CE724 /* iOSNativeApp */ = {
			isa = PBXNativeTarget;
			buildConfigurationList = 8294A99227A0F980005CE724 /* Build configuration list for PBXNativeTarget "iOSNativeApp" */;
			buildPhases = (
				0FB9D8DC6E6C2287F23BB73F /* [CP] Check Pods Manifest.lock */,
				8294A97527A0F97E005CE724 /* Sources */,
				8294A97627A0F97E005CE724 /* Frameworks */,
				8294A97727A0F97E005CE724 /* Resources */,
				54EB8F20B547A6CC45FF5E90 /* [CP] Embed Pods Frameworks */,
			);
			buildRules = (
			);
			dependencies = (
			);
			name = iOSNativeApp;
			productName = iOSNativeApp;
			productReference = 8294A97927A0F97E005CE724 /* iOSNativeApp.app */;
			productType = "com.apple.product-type.application";
		};
/* End PBXNativeTarget section */

/* Begin PBXProject section */
		8294A97127A0F97E005CE724 /* Project object */ = {
			isa = PBXProject;
			attributes = {
				BuildIndependentTargetsInParallel = 1;
				LastUpgradeCheck = 1320;
				TargetAttributes = {
					8294A97827A0F97E005CE724 = {
						CreatedOnToolsVersion = 13.2.1;
					};
				};
			};
			buildConfigurationList = 8294A97427A0F97E005CE724 /* Build configuration list for PBXProject "iOSNativeApp" */;
			compatibilityVersion = "Xcode 13.0";
			developmentRegion = en;
			hasScannedForEncodings = 0;
			knownRegions = (
				en,
				Base,
			);
			mainGroup = 8294A97027A0F97E005CE724;
			productRefGroup = 8294A97A27A0F97E005CE724 /* Products */;
			projectDirPath = "";
			projectRoot = "";
			targets = (
				8294A97827A0F97E005CE724 /* iOSNativeApp */,
			);
		};
/* End PBXProject section */

/* Begin PBXResourcesBuildPhase section */
		8294A97727A0F97E005CE724 /* Resources */ = {
			isa = PBXResourcesBuildPhase;
			buildActionMask = 2147483647;
			files = (
				8294A98C27A0F980005CE724 /* LaunchScreen.storyboard in Resources */,
				8294A98927A0F980005CE724 /* Assets.xcassets in Resources */,
				8294A98727A0F97E005CE724 /* Main.storyboard in Resources */,
			);
			runOnlyForDeploymentPostprocessing = 0;
		};
/* End PBXResourcesBuildPhase section */

/* Begin PBXShellScriptBuildPhase section */
		0FB9D8DC6E6C2287F23BB73F /* [CP] Check Pods Manifest.lock */ = {
			isa = PBXShellScriptBuildPhase;
			buildActionMask = 2147483647;
			files = (
			);
			inputFileListPaths = (
			);
			inputPaths = (
				"${PODS_PODFILE_DIR_PATH}/Podfile.lock",
				"${PODS_ROOT}/Manifest.lock",
			);
			name = "[CP] Check Pods Manifest.lock";
			outputFileListPaths = (
			);
			outputPaths = (
				"$(DERIVED_FILE_DIR)/Pods-iOSNativeApp-checkManifestLockResult.txt",
			);
			runOnlyForDeploymentPostprocessing = 0;
			shellPath = /bin/sh;
			shellScript = "diff \"${PODS_PODFILE_DIR_PATH}/Podfile.lock\" \"${PODS_ROOT}/Manifest.lock\" > /dev/null\nif [ $? != 0 ] ; then\n    # print error to STDERR\n    echo \"error: The sandbox is not in sync with the Podfile.lock. Run 'pod install' or update your CocoaPods installation.\" >&2\n    exit 1\nfi\n# This output is used by Xcode 'outputs' to avoid re-running this script phase.\necho \"SUCCESS\" > \"${SCRIPT_OUTPUT_FILE_0}\"\n";
			showEnvVarsInLog = 0;
		};
		54EB8F20B547A6CC45FF5E90 /* [CP] Embed Pods Frameworks */ = {
			isa = PBXShellScriptBuildPhase;
			buildActionMask = 2147483647;
			files = (
			);
			inputFileListPaths = (
				"${PODS_ROOT}/Target Support Files/Pods-iOSNativeApp/Pods-iOSNativeApp-frameworks-${CONFIGURATION}-input-files.xcfilelist",
			);
			name = "[CP] Embed Pods Frameworks";
			outputFileListPaths = (
				"${PODS_ROOT}/Target Support Files/Pods-iOSNativeApp/Pods-iOSNativeApp-frameworks-${CONFIGURATION}-output-files.xcfilelist",
			);
			runOnlyForDeploymentPostprocessing = 0;
			shellPath = /bin/sh;
			shellScript = "\"${PODS_ROOT}/Target Support Files/Pods-iOSNativeApp/Pods-iOSNativeApp-frameworks.sh\"\n";
			showEnvVarsInLog = 0;
		};
/* End PBXShellScriptBuildPhase section */

/* Begin PBXSourcesBuildPhase section */
		8294A97527A0F97E005CE724 /* Sources */ = {
			isa = PBXSourcesBuildPhase;
			buildActionMask = 2147483647;
			files = (
				8294A98427A0F97E005CE724 /* ViewController.m in Sources */,
				8294A97E27A0F97E005CE724 /* AppDelegate.m in Sources */,
				8294A98F27A0F980005CE724 /* main.m in Sources */,
				8294A98127A0F97E005CE724 /* SceneDelegate.m in Sources */,
			);
			runOnlyForDeploymentPostprocessing = 0;
		};
/* End PBXSourcesBuildPhase section */

/* Begin PBXVariantGroup section */
		8294A98527A0F97E005CE724 /* Main.storyboard */ = {
			isa = PBXVariantGroup;
			children = (
				8294A98627A0F97E005CE724 /* Base */,
			);
			name = Main.storyboard;
			sourceTree = "<group>";
		};
		8294A98A27A0F980005CE724 /* LaunchScreen.storyboard */ = {
			isa = PBXVariantGroup;
			children = (
				8294A98B27A0F980005CE724 /* Base */,
			);
			name = LaunchScreen.storyboard;
			sourceTree = "<group>";
		};
/* End PBXVariantGroup section */

/* Begin XCBuildConfiguration section */
		8294A99027A0F980005CE724 /* Debug */ = {
			isa = XCBuildConfiguration;
			buildSettings = {
				ALWAYS_SEARCH_USER_PATHS = NO;
				CLANG_ANALYZER_NONNULL = YES;
				CLANG_ANALYZER_NUMBER_OBJECT_CONVERSION = YES_AGGRESSIVE;
				CLANG_CXX_LANGUAGE_STANDARD = "gnu++17";
				CLANG_CXX_LIBRARY = "libc++";
				CLANG_ENABLE_MODULES = YES;
				CLANG_ENABLE_OBJC_ARC = YES;
				CLANG_ENABLE_OBJC_WEAK = YES;
				CLANG_WARN_BLOCK_CAPTURE_AUTORELEASING = YES;
				CLANG_WARN_BOOL_CONVERSION = YES;
				CLANG_WARN_COMMA = YES;
				CLANG_WARN_CONSTANT_CONVERSION = YES;
				CLANG_WARN_DEPRECATED_OBJC_IMPLEMENTATIONS = YES;
				CLANG_WARN_DIRECT_OBJC_ISA_USAGE = YES_ERROR;
				CLANG_WARN_DOCUMENTATION_COMMENTS = YES;
				CLANG_WARN_EMPTY_BODY = YES;
				CLANG_WARN_ENUM_CONVERSION = YES;
				CLANG_WARN_INFINITE_RECURSION = YES;
				CLANG_WARN_INT_CONVERSION = YES;
				CLANG_WARN_NON_LITERAL_NULL_CONVERSION = YES;
				CLANG_WARN_OBJC_IMPLICIT_RETAIN_SELF = YES;
				CLANG_WARN_OBJC_LITERAL_CONVERSION = YES;
				CLANG_WARN_OBJC_ROOT_CLASS = YES_ERROR;
				CLANG_WARN_QUOTED_INCLUDE_IN_FRAMEWORK_HEADER = YES;
				CLANG_WARN_RANGE_LOOP_ANALYSIS = YES;
				CLANG_WARN_STRICT_PROTOTYPES = YES;
				CLANG_WARN_SUSPICIOUS_MOVE = YES;
				CLANG_WARN_UNGUARDED_AVAILABILITY = YES_AGGRESSIVE;
				CLANG_WARN_UNREACHABLE_CODE = YES;
				CLANG_WARN__DUPLICATE_METHOD_MATCH = YES;
				COPY_PHASE_STRIP = NO;
				DEBUG_INFORMATION_FORMAT = dwarf;
				ENABLE_STRICT_OBJC_MSGSEND = YES;
				ENABLE_TESTABILITY = YES;
				GCC_C_LANGUAGE_STANDARD = gnu11;
				GCC_DYNAMIC_NO_PIC = NO;
				GCC_NO_COMMON_BLOCKS = YES;
				GCC_OPTIMIZATION_LEVEL = 0;
				GCC_PREPROCESSOR_DEFINITIONS = (
					"DEBUG=1",
					"$(inherited)",
				);
				GCC_WARN_64_TO_32_BIT_CONVERSION = YES;
				GCC_WARN_ABOUT_RETURN_TYPE = YES_ERROR;
				GCC_WARN_UNDECLARED_SELECTOR = YES;
				GCC_WARN_UNINITIALIZED_AUTOS = YES_AGGRESSIVE;
				GCC_WARN_UNUSED_FUNCTION = YES;
				GCC_WARN_UNUSED_VARIABLE = YES;
				IPHONEOS_DEPLOYMENT_TARGET = 15.2;
				MTL_ENABLE_DEBUG_INFO = INCLUDE_SOURCE;
				MTL_FAST_MATH = YES;
				ONLY_ACTIVE_ARCH = YES;
				SDKROOT = iphoneos;
			};
			name = Debug;
		};
		8294A99127A0F980005CE724 /* Release */ = {
			isa = XCBuildConfiguration;
			buildSettings = {
				ALWAYS_SEARCH_USER_PATHS = NO;
				CLANG_ANALYZER_NONNULL = YES;
				CLANG_ANALYZER_NUMBER_OBJECT_CONVERSION = YES_AGGRESSIVE;
				CLANG_CXX_LANGUAGE_STANDARD = "gnu++17";
				CLANG_CXX_LIBRARY = "libc++";
				CLANG_ENABLE_MODULES = YES;
				CLANG_ENABLE_OBJC_ARC = YES;
				CLANG_ENABLE_OBJC_WEAK = YES;
				CLANG_WARN_BLOCK_CAPTURE_AUTORELEASING = YES;
				CLANG_WARN_BOOL_CONVERSION = YES;
				CLANG_WARN_COMMA = YES;
				CLANG_WARN_CONSTANT_CONVERSION = YES;
				CLANG_WARN_DEPRECATED_OBJC_IMPLEMENTATIONS = YES;
				CLANG_WARN_DIRECT_OBJC_ISA_USAGE = YES_ERROR;
				CLANG_WARN_DOCUMENTATION_COMMENTS = YES;
				CLANG_WARN_EMPTY_BODY = YES;
				CLANG_WARN_ENUM_CONVERSION = YES;
				CLANG_WARN_INFINITE_RECURSION = YES;
				CLANG_WARN_INT_CONVERSION = YES;
				CLANG_WARN_NON_LITERAL_NULL_CONVERSION = YES;
				CLANG_WARN_OBJC_IMPLICIT_RETAIN_SELF = YES;
				CLANG_WARN_OBJC_LITERAL_CONVERSION = YES;
				CLANG_WARN_OBJC_ROOT_CLASS = YES_ERROR;
				CLANG_WARN_QUOTED_INCLUDE_IN_FRAMEWORK_HEADER = YES;
				CLANG_WARN_RANGE_LOOP_ANALYSIS = YES;
				CLANG_WARN_STRICT_PROTOTYPES = YES;
				CLANG_WARN_SUSPICIOUS_MOVE = YES;
				CLANG_WARN_UNGUARDED_AVAILABILITY = YES_AGGRESSIVE;
				CLANG_WARN_UNREACHABLE_CODE = YES;
				CLANG_WARN__DUPLICATE_METHOD_MATCH = YES;
				COPY_PHASE_STRIP = NO;
				DEBUG_INFORMATION_FORMAT = "dwarf-with-dsym";
				ENABLE_NS_ASSERTIONS = NO;
				ENABLE_STRICT_OBJC_MSGSEND = YES;
				GCC_C_LANGUAGE_STANDARD = gnu11;
				GCC_NO_COMMON_BLOCKS = YES;
				GCC_WARN_64_TO_32_BIT_CONVERSION = YES;
				GCC_WARN_ABOUT_RETURN_TYPE = YES_ERROR;
				GCC_WARN_UNDECLARED_SELECTOR = YES;
				GCC_WARN_UNINITIALIZED_AUTOS = YES_AGGRESSIVE;
				GCC_WARN_UNUSED_FUNCTION = YES;
				GCC_WARN_UNUSED_VARIABLE = YES;
				IPHONEOS_DEPLOYMENT_TARGET = 15.2;
				MTL_ENABLE_DEBUG_INFO = NO;
				MTL_FAST_MATH = YES;
				SDKROOT = iphoneos;
				VALIDATE_PRODUCT = YES;
			};
			name = Release;
		};
		8294A99327A0F980005CE724 /* Debug */ = {
			isa = XCBuildConfiguration;
			buildSettings = {
				ASSETCATALOG_COMPILER_APPICON_NAME = AppIcon;
				ASSETCATALOG_COMPILER_GLOBAL_ACCENT_COLOR_NAME = AccentColor;
				CODE_SIGN_ENTITLEMENTS = iOSNativeApp/iOSNativeAppDebug.entitlements;
				CODE_SIGN_IDENTITY = "iPhone Developer";
				CODE_SIGN_STYLE = Manual;
				CURRENT_PROJECT_VERSION = 1;
				DEVELOPMENT_TEAM = Q3ZAA58Z58;
				GENERATE_INFOPLIST_FILE = YES;
				INFOPLIST_FILE = iOSNativeApp/Info.plist;
				INFOPLIST_KEY_UIApplicationSupportsIndirectInputEvents = YES;
				INFOPLIST_KEY_UILaunchStoryboardName = LaunchScreen;
				INFOPLIST_KEY_UIMainStoryboardFile = Main;
				INFOPLIST_KEY_UISupportedInterfaceOrientations_iPad = "UIInterfaceOrientationPortrait UIInterfaceOrientationPortraitUpsideDown UIInterfaceOrientationLandscapeLeft UIInterfaceOrientationLandscapeRight";
				INFOPLIST_KEY_UISupportedInterfaceOrientations_iPhone = "UIInterfaceOrientationPortrait UIInterfaceOrientationLandscapeLeft UIInterfaceOrientationLandscapeRight";
				LD_RUNPATH_SEARCH_PATHS = (
					"$(inherited)",
					"@executable_path/Frameworks",
				);
				MARKETING_VERSION = 1.0;
				PRODUCT_BUNDLE_IDENTIFIER = iOSNativeApp;
				PRODUCT_NAME = "$(TARGET_NAME)";
				PROVISIONING_PROFILE_SPECIFIER = jenkinsDevelop;
				SWIFT_EMIT_LOC_STRINGS = YES;
				TARGETED_DEVICE_FAMILY = "1,2";
			};
			name = Debug;
		};
		8294A99427A0F980005CE724 /* Release */ = {
			isa = XCBuildConfiguration;
			buildSettings = {
				ASSETCATALOG_COMPILER_APPICON_NAME = AppIcon;
				ASSETCATALOG_COMPILER_GLOBAL_ACCENT_COLOR_NAME = AccentColor;
				CODE_SIGN_ENTITLEMENTS = iOSNativeApp/iOSNativeAppRelease.entitlements;
				CODE_SIGN_IDENTITY = "Apple Distribution: Xiangbo Bu (Q3ZAA58Z58)";
				CODE_SIGN_STYLE = Manual;
				CURRENT_PROJECT_VERSION = 1;
				DEVELOPMENT_TEAM = Q3ZAA58Z58;
				GENERATE_INFOPLIST_FILE = YES;
				INFOPLIST_FILE = iOSNativeApp/Info.plist;
				INFOPLIST_KEY_UIApplicationSupportsIndirectInputEvents = YES;
				INFOPLIST_KEY_UILaunchStoryboardName = LaunchScreen;
				INFOPLIST_KEY_UIMainStoryboardFile = Main;
				INFOPLIST_KEY_UISupportedInterfaceOrientations_iPad = "UIInterfaceOrientationPortrait UIInterfaceOrientationPortraitUpsideDown UIInterfaceOrientationLandscapeLeft UIInterfaceOrientationLandscapeRight";
				INFOPLIST_KEY_UISupportedInterfaceOrientations_iPhone = "UIInterfaceOrientationPortrait UIInterfaceOrientationLandscapeLeft UIInterfaceOrientationLandscapeRight";
				LD_RUNPATH_SEARCH_PATHS = (
					"$(inherited)",
					"@executable_path/Frameworks",
				);
				MARKETING_VERSION = 1.0;
				PRODUCT_BUNDLE_IDENTIFIER = iOSNativeApp;
				PRODUCT_NAME = "$(TARGET_NAME)";
				PROVISIONING_PROFILE_SPECIFIER = jenkinsAdhoc;
				SWIFT_EMIT_LOC_STRINGS = YES;
				TARGETED_DEVICE_FAMILY = "1,2";
			};
			name = Release;
		};
/* End XCBuildConfiguration section */

/* Begin XCConfigurationList section */
		8294A97427A0F97E005CE724 /* Build configuration list for PBXProject "iOSNativeApp" */ = {
			isa = XCConfigurationList;
			buildConfigurations = (
				8294A99027A0F980005CE724 /* Debug */,
				8294A99127A0F980005CE724 /* Release */,
			);
			defaultConfigurationIsVisible = 0;
			defaultConfigurationName = Release;
		};
		8294A99227A0F980005CE724 /* Build configuration list for PBXNativeTarget "iOSNativeApp" */ = {
			isa = XCConfigurationList;
			buildConfigurations = (
				8294A99327A0F980005CE724 /* Debug */,
				8294A99427A0F980005CE724 /* Release */,
			);
			defaultConfigurationIsVisible = 0;
			defaultConfigurationName = Release;
		};
/* End XCConfigurationList section */
	};
	rootObject = 8294A97127A0F97E005CE724 /* Project object */;
}
